
Microsoft Visual Studio Solution File, Format Version 12.00
# Visual Studio Version 17
VisualStudioVersion = 17.0.31903.59
MinimumVisualStudioVersion = 10.0.40219.1
Project("{2150E333-8FDC-42A3-9474-1A3956D46DE8}") = "Services", "Services", "{7BB47E4F-1EDF-4D47-B7A4-1E8A9B346E0D}"
EndProject
Project("{2150E333-8FDC-42A3-9474-1A3956D46DE8}") = "Catalog", "Catalog", "{DB816D9B-1463-4AC3-B22C-F54EDA25C60A}"
EndProject
Project("{9A19103F-16F7-4668-BE54-9A1E7A4F7556}") = "DevStore.Catalog.Domain", "src\DevStore.Catalog.Domain\DevStore.Catalog.Domain.csproj", "{A66265BC-CF49-4B51-90E6-32ED8D24C0E1}"
EndProject
Project("{2150E333-8FDC-42A3-9474-1A3956D46DE8}") = "Common", "Common", "{7E166ADB-F5CD-4E05-8FD2-969F77831F0A}"
EndProject
Project("{9A19103F-16F7-4668-BE54-9A1E7A4F7556}") = "DevStore.Common", "src\DevStore.Common\DevStore.Common.csproj", "{0A1CCB47-E477-44F8-8D28-C0BF9D3BDBB2}"
EndProject
Project("{2150E333-8FDC-42A3-9474-1A3956D46DE8}") = "Tests", "Tests", "{519761BF-095B-4A06-84A7-21CEDAA47058}"
EndProject
Project("{9A19103F-16F7-4668-BE54-9A1E7A4F7556}") = "DevStore.Catalog.Domain.Tests", "tests\DevStore.Catalog.Domain.Tests\DevStore.Catalog.Domain.Tests.csproj", "{8EDA54B9-1DDD-43C1-BE79-D2FA0DC0700D}"
EndProject
Project("{9A19103F-16F7-4668-BE54-9A1E7A4F7556}") = "DevStore.Catalog.Data", "src\DevStore.Catalog.Data\DevStore.Catalog.Data.csproj", "{56CD03DE-4B58-4A47-A615-35014928EAF4}"
EndProject
Project("{9A19103F-16F7-4668-BE54-9A1E7A4F7556}") = "DevStore.Catalog.Application", "src\DevStore.Catalog.Application\DevStore.Catalog.Application.csproj", "{E1EDC59C-9131-4A45-9D9A-5351E5B31314}"
EndProject
Project("{2150E333-8FDC-42A3-9474-1A3956D46DE8}") = "WebApps", "WebApps", "{474DD75A-546D-4AB4-BC7C-8BA6B1708828}"
EndProject
Project("{9A19103F-16F7-4668-BE54-9A1E7A4F7556}") = "DevStore.WebApp.VirtualStore", "src\DevStore.WebApp.VirtualStore\DevStore.WebApp.VirtualStore.csproj", "{072A02FE-5344-406B-93AB-11CAAC9BBB6C}"
EndProject
Project("{2150E333-8FDC-42A3-9474-1A3956D46DE8}") = "Sales", "Sales", "{60BEB7CC-34B9-4EA5-9A5C-241C5643843D}"
EndProject
Project("{9A19103F-16F7-4668-BE54-9A1E7A4F7556}") = "DevStore.Sales.Domain", "src\DevStore.Sales.Domain\DevStore.Sales.Domain.csproj", "{FCF044B3-1A44-4180-89A9-CA635A72E86A}"
EndProject
Project("{2150E333-8FDC-42A3-9474-1A3956D46DE8}") = "Tests", "Tests", "{540085CC-46D3-433E-B213-53DD3EA29FA4}"
EndProject
Project("{9A19103F-16F7-4668-BE54-9A1E7A4F7556}") = "DevStore.Sales.Domain.Tests", "tests\DevStore.Sales.Domain.Tests\DevStore.Sales.Domain.Tests.csproj", "{C967D9E0-1924-40BA-A9A8-55BA9D48C9F6}"
EndProject
Project("{9A19103F-16F7-4668-BE54-9A1E7A4F7556}") = "DevStore.Sales.Application", "src\DevStore.Sales.Application\DevStore.Sales.Application.csproj", "{B841FF86-2D57-4AB4-A110-2C70A9F17E6F}"
EndProject
Project("{9A19103F-16F7-4668-BE54-9A1E7A4F7556}") = "DevStore.Sales.Data", "src\DevStore.Sales.Data\DevStore.Sales.Data.csproj", "{C12E124B-ECBE-42AE-95E9-F932637ADF7F}"
EndProject
Project("{2150E333-8FDC-42A3-9474-1A3956D46DE8}") = "Payment", "Payment", "{5C2F0028-1E53-43AE-85D8-747E41920596}"
EndProject
Project("{2150E333-8FDC-42A3-9474-1A3956D46DE8}") = "Tax", "Tax", "{14485324-FDBD-4CB8-AB25-FF6F765DB73B}"
EndProject
Project("{9A19103F-16F7-4668-BE54-9A1E7A4F7556}") = "DevStore.Payment.AntiCorruption", "src\DevStore.Payment.AntiCorruption\DevStore.Payment.AntiCorruption.csproj", "{07038A41-B4D1-4648-AE36-8494FD561E01}"
EndProject
Project("{9A19103F-16F7-4668-BE54-9A1E7A4F7556}") = "DevStore.Payment.Business", "src\DevStore.Payment.Business\DevStore.Payment.Business.csproj", "{9940BC61-2B07-4036-A5AB-B0AE5B166758}"
EndProject
Project("{9A19103F-16F7-4668-BE54-9A1E7A4F7556}") = "DevStore.Payment.Data", "src\DevStore.Payment.Data\DevStore.Payment.Data.csproj", "{A6234EE9-44E0-4376-B715-AE1695E92FF7}"
EndProject
Project("{2150E333-8FDC-42A3-9474-1A3956D46DE8}") = "Register", "Register", "{4575D34F-9348-4076-80D4-5DAB28D0889F}"
EndProject
Global
	GlobalSection(SolutionConfigurationPlatforms) = preSolution
		Debug|Any CPU = Debug|Any CPU
		Release|Any CPU = Release|Any CPU
	EndGlobalSection
	GlobalSection(ProjectConfigurationPlatforms) = postSolution
		{A66265BC-CF49-4B51-90E6-32ED8D24C0E1}.Debug|Any CPU.ActiveCfg = Debug|Any CPU
		{A66265BC-CF49-4B51-90E6-32ED8D24C0E1}.Debug|Any CPU.Build.0 = Debug|Any CPU
		{A66265BC-CF49-4B51-90E6-32ED8D24C0E1}.Release|Any CPU.ActiveCfg = Release|Any CPU
		{A66265BC-CF49-4B51-90E6-32ED8D24C0E1}.Release|Any CPU.Build.0 = Release|Any CPU
		{0A1CCB47-E477-44F8-8D28-C0BF9D3BDBB2}.Debug|Any CPU.ActiveCfg = Debug|Any CPU
		{0A1CCB47-E477-44F8-8D28-C0BF9D3BDBB2}.Debug|Any CPU.Build.0 = Debug|Any CPU
		{0A1CCB47-E477-44F8-8D28-C0BF9D3BDBB2}.Release|Any CPU.ActiveCfg = Release|Any CPU
		{0A1CCB47-E477-44F8-8D28-C0BF9D3BDBB2}.Release|Any CPU.Build.0 = Release|Any CPU
		{8EDA54B9-1DDD-43C1-BE79-D2FA0DC0700D}.Debug|Any CPU.ActiveCfg = Debug|Any CPU
		{8EDA54B9-1DDD-43C1-BE79-D2FA0DC0700D}.Debug|Any CPU.Build.0 = Debug|Any CPU
		{8EDA54B9-1DDD-43C1-BE79-D2FA0DC0700D}.Release|Any CPU.ActiveCfg = Release|Any CPU
		{8EDA54B9-1DDD-43C1-BE79-D2FA0DC0700D}.Release|Any CPU.Build.0 = Release|Any CPU
		{56CD03DE-4B58-4A47-A615-35014928EAF4}.Debug|Any CPU.ActiveCfg = Debug|Any CPU
		{56CD03DE-4B58-4A47-A615-35014928EAF4}.Debug|Any CPU.Build.0 = Debug|Any CPU
		{56CD03DE-4B58-4A47-A615-35014928EAF4}.Release|Any CPU.ActiveCfg = Release|Any CPU
		{56CD03DE-4B58-4A47-A615-35014928EAF4}.Release|Any CPU.Build.0 = Release|Any CPU
		{E1EDC59C-9131-4A45-9D9A-5351E5B31314}.Debug|Any CPU.ActiveCfg = Debug|Any CPU
		{E1EDC59C-9131-4A45-9D9A-5351E5B31314}.Debug|Any CPU.Build.0 = Debug|Any CPU
		{E1EDC59C-9131-4A45-9D9A-5351E5B31314}.Release|Any CPU.ActiveCfg = Release|Any CPU
		{E1EDC59C-9131-4A45-9D9A-5351E5B31314}.Release|Any CPU.Build.0 = Release|Any CPU
		{072A02FE-5344-406B-93AB-11CAAC9BBB6C}.Debug|Any CPU.ActiveCfg = Debug|Any CPU
		{072A02FE-5344-406B-93AB-11CAAC9BBB6C}.Debug|Any CPU.Build.0 = Debug|Any CPU
		{072A02FE-5344-406B-93AB-11CAAC9BBB6C}.Release|Any CPU.ActiveCfg = Release|Any CPU
		{072A02FE-5344-406B-93AB-11CAAC9BBB6C}.Release|Any CPU.Build.0 = Release|Any CPU
		{FCF044B3-1A44-4180-89A9-CA635A72E86A}.Debug|Any CPU.ActiveCfg = Debug|Any CPU
		{FCF044B3-1A44-4180-89A9-CA635A72E86A}.Debug|Any CPU.Build.0 = Debug|Any CPU
		{FCF044B3-1A44-4180-89A9-CA635A72E86A}.Release|Any CPU.ActiveCfg = Release|Any CPU
		{FCF044B3-1A44-4180-89A9-CA635A72E86A}.Release|Any CPU.Build.0 = Release|Any CPU
		{C967D9E0-1924-40BA-A9A8-55BA9D48C9F6}.Debug|Any CPU.ActiveCfg = Debug|Any CPU
		{C967D9E0-1924-40BA-A9A8-55BA9D48C9F6}.Debug|Any CPU.Build.0 = Debug|Any CPU
		{C967D9E0-1924-40BA-A9A8-55BA9D48C9F6}.Release|Any CPU.ActiveCfg = Release|Any CPU
		{C967D9E0-1924-40BA-A9A8-55BA9D48C9F6}.Release|Any CPU.Build.0 = Release|Any CPU
		{B841FF86-2D57-4AB4-A110-2C70A9F17E6F}.Debug|Any CPU.ActiveCfg = Debug|Any CPU
		{B841FF86-2D57-4AB4-A110-2C70A9F17E6F}.Debug|Any CPU.Build.0 = Debug|Any CPU
		{B841FF86-2D57-4AB4-A110-2C70A9F17E6F}.Release|Any CPU.ActiveCfg = Release|Any CPU
		{B841FF86-2D57-4AB4-A110-2C70A9F17E6F}.Release|Any CPU.Build.0 = Release|Any CPU
		{C12E124B-ECBE-42AE-95E9-F932637ADF7F}.Debug|Any CPU.ActiveCfg = Debug|Any CPU
		{C12E124B-ECBE-42AE-95E9-F932637ADF7F}.Debug|Any CPU.Build.0 = Debug|Any CPU
		{C12E124B-ECBE-42AE-95E9-F932637ADF7F}.Release|Any CPU.ActiveCfg = Release|Any CPU
		{C12E124B-ECBE-42AE-95E9-F932637ADF7F}.Release|Any CPU.Build.0 = Release|Any CPU
		{07038A41-B4D1-4648-AE36-8494FD561E01}.Debug|Any CPU.ActiveCfg = Debug|Any CPU
		{07038A41-B4D1-4648-AE36-8494FD561E01}.Debug|Any CPU.Build.0 = Debug|Any CPU
		{07038A41-B4D1-4648-AE36-8494FD561E01}.Release|Any CPU.ActiveCfg = Release|Any CPU
		{07038A41-B4D1-4648-AE36-8494FD561E01}.Release|Any CPU.Build.0 = Release|Any CPU
		{9940BC61-2B07-4036-A5AB-B0AE5B166758}.Debug|Any CPU.ActiveCfg = Debug|Any CPU
		{9940BC61-2B07-4036-A5AB-B0AE5B166758}.Debug|Any CPU.Build.0 = Debug|Any CPU
		{9940BC61-2B07-4036-A5AB-B0AE5B166758}.Release|Any CPU.ActiveCfg = Release|Any CPU
		{9940BC61-2B07-4036-A5AB-B0AE5B166758}.Release|Any CPU.Build.0 = Release|Any CPU
		{A6234EE9-44E0-4376-B715-AE1695E92FF7}.Debug|Any CPU.ActiveCfg = Debug|Any CPU
		{A6234EE9-44E0-4376-B715-AE1695E92FF7}.Debug|Any CPU.Build.0 = Debug|Any CPU
		{A6234EE9-44E0-4376-B715-AE1695E92FF7}.Release|Any CPU.ActiveCfg = Release|Any CPU
		{A6234EE9-44E0-4376-B715-AE1695E92FF7}.Release|Any CPU.Build.0 = Release|Any CPU
	EndGlobalSection
	GlobalSection(SolutionProperties) = preSolution
		HideSolutionNode = FALSE
	EndGlobalSection
	GlobalSection(NestedProjects) = preSolution
		{DB816D9B-1463-4AC3-B22C-F54EDA25C60A} = {7BB47E4F-1EDF-4D47-B7A4-1E8A9B346E0D}
		{A66265BC-CF49-4B51-90E6-32ED8D24C0E1} = {DB816D9B-1463-4AC3-B22C-F54EDA25C60A}
		{7E166ADB-F5CD-4E05-8FD2-969F77831F0A} = {7BB47E4F-1EDF-4D47-B7A4-1E8A9B346E0D}
		{0A1CCB47-E477-44F8-8D28-C0BF9D3BDBB2} = {7E166ADB-F5CD-4E05-8FD2-969F77831F0A}
		{519761BF-095B-4A06-84A7-21CEDAA47058} = {DB816D9B-1463-4AC3-B22C-F54EDA25C60A}
		{8EDA54B9-1DDD-43C1-BE79-D2FA0DC0700D} = {519761BF-095B-4A06-84A7-21CEDAA47058}
		{56CD03DE-4B58-4A47-A615-35014928EAF4} = {DB816D9B-1463-4AC3-B22C-F54EDA25C60A}
		{E1EDC59C-9131-4A45-9D9A-5351E5B31314} = {DB816D9B-1463-4AC3-B22C-F54EDA25C60A}
		{072A02FE-5344-406B-93AB-11CAAC9BBB6C} = {474DD75A-546D-4AB4-BC7C-8BA6B1708828}
		{60BEB7CC-34B9-4EA5-9A5C-241C5643843D} = {7BB47E4F-1EDF-4D47-B7A4-1E8A9B346E0D}
		{FCF044B3-1A44-4180-89A9-CA635A72E86A} = {60BEB7CC-34B9-4EA5-9A5C-241C5643843D}
		{540085CC-46D3-433E-B213-53DD3EA29FA4} = {60BEB7CC-34B9-4EA5-9A5C-241C5643843D}
		{C967D9E0-1924-40BA-A9A8-55BA9D48C9F6} = {540085CC-46D3-433E-B213-53DD3EA29FA4}
		{B841FF86-2D57-4AB4-A110-2C70A9F17E6F} = {60BEB7CC-34B9-4EA5-9A5C-241C5643843D}
		{C12E124B-ECBE-42AE-95E9-F932637ADF7F} = {60BEB7CC-34B9-4EA5-9A5C-241C5643843D}
		{5C2F0028-1E53-43AE-85D8-747E41920596} = {7BB47E4F-1EDF-4D47-B7A4-1E8A9B346E0D}
		{14485324-FDBD-4CB8-AB25-FF6F765DB73B} = {7BB47E4F-1EDF-4D47-B7A4-1E8A9B346E0D}
		{07038A41-B4D1-4648-AE36-8494FD561E01} = {5C2F0028-1E53-43AE-85D8-747E41920596}
		{9940BC61-2B07-4036-A5AB-B0AE5B166758} = {5C2F0028-1E53-43AE-85D8-747E41920596}
		{A6234EE9-44E0-4376-B715-AE1695E92FF7} = {5C2F0028-1E53-43AE-85D8-747E41920596}
		{4575D34F-9348-4076-80D4-5DAB28D0889F} = {7BB47E4F-1EDF-4D47-B7A4-1E8A9B346E0D}
	EndGlobalSection
	GlobalSection(ExtensibilityGlobals) = postSolution
		SolutionGuid = {7C10CF44-4F2A-4AB1-B8BD-285654EB0B7A}
	EndGlobalSection
EndGlobal
